
Microsoft Visual Studio Solution File, Format Version 12.00
# Visual Studio Version 17
VisualStudioVersion = 17.9.34622.214
MinimumVisualStudioVersion = 10.0.40219.1
Project("{FAE04EC0-301F-11D3-BF4B-00C04F79EFBC}") = "LISTADECOMPRAS", "LISTADECOMPRAS.csproj", "{246BB108-40FD-4B3D-964F-453BF1B187DC}"
EndProject
Global
	GlobalSection(SolutionConfigurationPlatforms) = preSolution
		Debug|Any CPU = Debug|Any CPU
		Release|Any CPU = Release|Any CPU
	EndGlobalSection
	GlobalSection(ProjectConfigurationPlatforms) = postSolution
		{246BB108-40FD-4B3D-964F-453BF1B187DC}.Debug|Any CPU.ActiveCfg = Debug|Any CPU
		{246BB108-40FD-4B3D-964F-453BF1B187DC}.Debug|Any CPU.Build.0 = Debug|Any CPU
		{246BB108-40FD-4B3D-964F-453BF1B187DC}.Release|Any CPU.ActiveCfg = Release|Any CPU
		{246BB108-40FD-4B3D-964F-453BF1B187DC}.Release|Any CPU.Build.0 = Release|Any CPU
	EndGlobalSection
	GlobalSection(SolutionProperties) = preSolution
		HideSolutionNode = FALSE
	EndGlobalSection
	GlobalSection(ExtensibilityGlobals) = postSolution
		SolutionGuid = {047A9869-ABB2-4CF5-ADAE-3FE95FB1E006}
	EndGlobalSection
EndGlobal
